// !$*UTF8*$!
{
	archiveVersion = 1;
	classes = {
	};
	objectVersion = 56;
	objects = {

/* Begin PBXBuildFile section */
		701613682CB5CAB70017BF09 /* tasks.sqlite in Resources */ = {isa = PBXBuildFile; fileRef = 701613672CB5CAB70017BF09 /* tasks.sqlite */; };
		705322122CB5AA40006E630C /* Task.swift in Sources */ = {isa = PBXBuildFile; fileRef = 705322112CB5AA40006E630C /* Task.swift */; };
		7053221F2CB5ABBD006E630C /* FMDatabaseQueue.m in Sources */ = {isa = PBXBuildFile; fileRef = 705322142CB5ABBC006E630C /* FMDatabaseQueue.m */; };
		705322202CB5ABBD006E630C /* FMResultSet.m in Sources */ = {isa = PBXBuildFile; fileRef = 705322152CB5ABBC006E630C /* FMResultSet.m */; };
		705322212CB5ABBD006E630C /* FMDatabaseAdditions.m in Sources */ = {isa = PBXBuildFile; fileRef = 705322172CB5ABBD006E630C /* FMDatabaseAdditions.m */; };
		705322222CB5ABBD006E630C /* FMDatabasePool.m in Sources */ = {isa = PBXBuildFile; fileRef = 7053221A2CB5ABBD006E630C /* FMDatabasePool.m */; };
		705322232CB5ABBD006E630C /* FMDatabase.m in Sources */ = {isa = PBXBuildFile; fileRef = 7053221B2CB5ABBD006E630C /* FMDatabase.m */; };
		705322282CB5AC0F006E630C /* RxSwift in Frameworks */ = {isa = PBXBuildFile; productRef = 705322272CB5AC0F006E630C /* RxSwift */; };
		7053222A2CB5B01D006E630C /* NewTask.swift in Sources */ = {isa = PBXBuildFile; fileRef = 705322292CB5B01D006E630C /* NewTask.swift */; };
		7053222C2CB5B02C006E630C /* TaskDetail.swift in Sources */ = {isa = PBXBuildFile; fileRef = 7053222B2CB5B02C006E630C /* TaskDetail.swift */; };
		7053222E2CB5B164006E630C /* NewTaskViewModel.swift in Sources */ = {isa = PBXBuildFile; fileRef = 7053222D2CB5B164006E630C /* NewTaskViewModel.swift */; };
		705322302CB5B171006E630C /* TaskDetailViewModel.swift in Sources */ = {isa = PBXBuildFile; fileRef = 7053222F2CB5B171006E630C /* TaskDetailViewModel.swift */; };
		70859BDA2CB5A62700DFAF8D /* AppDelegate.swift in Sources */ = {isa = PBXBuildFile; fileRef = 70859BD92CB5A62700DFAF8D /* AppDelegate.swift */; };
		70859BDC2CB5A62700DFAF8D /* SceneDelegate.swift in Sources */ = {isa = PBXBuildFile; fileRef = 70859BDB2CB5A62700DFAF8D /* SceneDelegate.swift */; };
		70859BDE2CB5A62700DFAF8D /* Home.swift in Sources */ = {isa = PBXBuildFile; fileRef = 70859BDD2CB5A62700DFAF8D /* Home.swift */; };
		70859BE12CB5A62700DFAF8D /* Base in Resources */ = {isa = PBXBuildFile; fileRef = 70859BE02CB5A62700DFAF8D /* Base */; };
		70859BE32CB5A62800DFAF8D /* Assets.xcassets in Resources */ = {isa = PBXBuildFile; fileRef = 70859BE22CB5A62800DFAF8D /* Assets.xcassets */; };
		70859BE62CB5A62800DFAF8D /* Base in Resources */ = {isa = PBXBuildFile; fileRef = 70859BE52CB5A62800DFAF8D /* Base */; };
		70859BF72CB5A6D700DFAF8D /* ListRepository.swift in Sources */ = {isa = PBXBuildFile; fileRef = 70859BF62CB5A6D700DFAF8D /* ListRepository.swift */; };
		70859BF92CB5A6F700DFAF8D /* HomeViewModel.swift in Sources */ = {isa = PBXBuildFile; fileRef = 70859BF82CB5A6F700DFAF8D /* HomeViewModel.swift */; };
		70859BFB2CB5A7B200DFAF8D /* ListCell.swift in Sources */ = {isa = PBXBuildFile; fileRef = 70859BFA2CB5A7B200DFAF8D /* ListCell.swift */; };
/* End PBXBuildFile section */

/* Begin PBXFileReference section */
		701613672CB5CAB70017BF09 /* tasks.sqlite */ = {isa = PBXFileReference; lastKnownFileType = file; path = tasks.sqlite; sourceTree = "<group>"; };
		705322112CB5AA40006E630C /* Task.swift */ = {isa = PBXFileReference; lastKnownFileType = sourcecode.swift; path = Task.swift; sourceTree = "<group>"; };
		705322132CB5ABBC006E630C /* Homework7-Bridging-Header.h */ = {isa = PBXFileReference; lastKnownFileType = sourcecode.c.h; path = "Homework7-Bridging-Header.h"; sourceTree = "<group>"; };
		705322142CB5ABBC006E630C /* FMDatabaseQueue.m */ = {isa = PBXFileReference; fileEncoding = 4; lastKnownFileType = sourcecode.c.objc; path = FMDatabaseQueue.m; sourceTree = "<group>"; };
		705322152CB5ABBC006E630C /* FMResultSet.m */ = {isa = PBXFileReference; fileEncoding = 4; lastKnownFileType = sourcecode.c.objc; path = FMResultSet.m; sourceTree = "<group>"; };
		705322162CB5ABBD006E630C /* FMResultSet.h */ = {isa = PBXFileReference; fileEncoding = 4; lastKnownFileType = sourcecode.c.h; path = FMResultSet.h; sourceTree = "<group>"; };
		705322172CB5ABBD006E630C /* FMDatabaseAdditions.m */ = {isa = PBXFileReference; fileEncoding = 4; lastKnownFileType = sourcecode.c.objc; path = FMDatabaseAdditions.m; sourceTree = "<group>"; };
		705322182CB5ABBD006E630C /* FMDB.h */ = {isa = PBXFileReference; fileEncoding = 4; lastKnownFileType = sourcecode.c.h; path = FMDB.h; sourceTree = "<group>"; };
		705322192CB5ABBD006E630C /* FMDatabase.h */ = {isa = PBXFileReference; fileEncoding = 4; lastKnownFileType = sourcecode.c.h; path = FMDatabase.h; sourceTree = "<group>"; };
		7053221A2CB5ABBD006E630C /* FMDatabasePool.m */ = {isa = PBXFileReference; fileEncoding = 4; lastKnownFileType = sourcecode.c.objc; path = FMDatabasePool.m; sourceTree = "<group>"; };
		7053221B2CB5ABBD006E630C /* FMDatabase.m */ = {isa = PBXFileReference; fileEncoding = 4; lastKnownFileType = sourcecode.c.objc; path = FMDatabase.m; sourceTree = "<group>"; };
		7053221C2CB5ABBD006E630C /* FMDatabaseQueue.h */ = {isa = PBXFileReference; fileEncoding = 4; lastKnownFileType = sourcecode.c.h; path = FMDatabaseQueue.h; sourceTree = "<group>"; };
		7053221D2CB5ABBD006E630C /* FMDatabaseAdditions.h */ = {isa = PBXFileReference; fileEncoding = 4; lastKnownFileType = sourcecode.c.h; path = FMDatabaseAdditions.h; sourceTree = "<group>"; };
		7053221E2CB5ABBD006E630C /* FMDatabasePool.h */ = {isa = PBXFileReference; fileEncoding = 4; lastKnownFileType = sourcecode.c.h; path = FMDatabasePool.h; sourceTree = "<group>"; };
		705322292CB5B01D006E630C /* NewTask.swift */ = {isa = PBXFileReference; lastKnownFileType = sourcecode.swift; path = NewTask.swift; sourceTree = "<group>"; };
		7053222B2CB5B02C006E630C /* TaskDetail.swift */ = {isa = PBXFileReference; lastKnownFileType = sourcecode.swift; path = TaskDetail.swift; sourceTree = "<group>"; };
		7053222D2CB5B164006E630C /* NewTaskViewModel.swift */ = {isa = PBXFileReference; lastKnownFileType = sourcecode.swift; path = NewTaskViewModel.swift; sourceTree = "<group>"; };
		7053222F2CB5B171006E630C /* TaskDetailViewModel.swift */ = {isa = PBXFileReference; lastKnownFileType = sourcecode.swift; path = TaskDetailViewModel.swift; sourceTree = "<group>"; };
		70859BD62CB5A62700DFAF8D /* Homework7.app */ = {isa = PBXFileReference; explicitFileType = wrapper.application; includeInIndex = 0; path = Homework7.app; sourceTree = BUILT_PRODUCTS_DIR; };
		70859BD92CB5A62700DFAF8D /* AppDelegate.swift */ = {isa = PBXFileReference; lastKnownFileType = sourcecode.swift; path = AppDelegate.swift; sourceTree = "<group>"; };
		70859BDB2CB5A62700DFAF8D /* SceneDelegate.swift */ = {isa = PBXFileReference; lastKnownFileType = sourcecode.swift; path = SceneDelegate.swift; sourceTree = "<group>"; };
		70859BDD2CB5A62700DFAF8D /* Home.swift */ = {isa = PBXFileReference; lastKnownFileType = sourcecode.swift; path = Home.swift; sourceTree = "<group>"; };
		70859BE02CB5A62700DFAF8D /* Base */ = {isa = PBXFileReference; lastKnownFileType = file.storyboard; name = Base; path = Base.lproj/Main.storyboard; sourceTree = "<group>"; };
		70859BE22CB5A62800DFAF8D /* Assets.xcassets */ = {isa = PBXFileReference; lastKnownFileType = folder.assetcatalog; path = Assets.xcassets; sourceTree = "<group>"; };
		70859BE52CB5A62800DFAF8D /* Base */ = {isa = PBXFileReference; lastKnownFileType = file.storyboard; name = Base; path = Base.lproj/LaunchScreen.storyboard; sourceTree = "<group>"; };
		70859BE72CB5A62800DFAF8D /* Info.plist */ = {isa = PBXFileReference; lastKnownFileType = text.plist.xml; path = Info.plist; sourceTree = "<group>"; };
		70859BEE2CB5A64700DFAF8D /* libsqlite3.tbd */ = {isa = PBXFileReference; lastKnownFileType = "sourcecode.text-based-dylib-definition"; name = libsqlite3.tbd; path = usr/lib/libsqlite3.tbd; sourceTree = SDKROOT; };
		70859BF62CB5A6D700DFAF8D /* ListRepository.swift */ = {isa = PBXFileReference; lastKnownFileType = sourcecode.swift; path = ListRepository.swift; sourceTree = "<group>"; };
		70859BF82CB5A6F700DFAF8D /* HomeViewModel.swift */ = {isa = PBXFileReference; lastKnownFileType = sourcecode.swift; path = HomeViewModel.swift; sourceTree = "<group>"; };
		70859BFA2CB5A7B200DFAF8D /* ListCell.swift */ = {isa = PBXFileReference; lastKnownFileType = sourcecode.swift; path = ListCell.swift; sourceTree = "<group>"; };
/* End PBXFileReference section */

/* Begin PBXFrameworksBuildPhase section */
		70859BD32CB5A62700DFAF8D /* Frameworks */ = {
			isa = PBXFrameworksBuildPhase;
			buildActionMask = 2147483647;
			files = (
				705322282CB5AC0F006E630C /* RxSwift in Frameworks */,
			);
			runOnlyForDeploymentPostprocessing = 0;
		};
/* End PBXFrameworksBuildPhase section */

/* Begin PBXGroup section */
		70859BCD2CB5A62700DFAF8D = {
			isa = PBXGroup;
			children = (
				70859BD82CB5A62700DFAF8D /* Homework7 */,
				70859BD72CB5A62700DFAF8D /* Products */,
				70859BED2CB5A64700DFAF8D /* Frameworks */,
			);
			sourceTree = "<group>";
		};
		70859BD72CB5A62700DFAF8D /* Products */ = {
			isa = PBXGroup;
			children = (
				70859BD62CB5A62700DFAF8D /* Homework7.app */,
			);
			name = Products;
			sourceTree = "<group>";
		};
		70859BD82CB5A62700DFAF8D /* Homework7 */ = {
			isa = PBXGroup;
			children = (
				70859BD92CB5A62700DFAF8D /* AppDelegate.swift */,
				70859BDB2CB5A62700DFAF8D /* SceneDelegate.swift */,
				70859BF02CB5A69A00DFAF8D /* data */,
				70859BEF2CB5A69200DFAF8D /* ui */,
				70859BDF2CB5A62700DFAF8D /* Main.storyboard */,
				70859BE22CB5A62800DFAF8D /* Assets.xcassets */,
				70859BE42CB5A62800DFAF8D /* LaunchScreen.storyboard */,
				70859BE72CB5A62800DFAF8D /* Info.plist */,
				701613672CB5CAB70017BF09 /* tasks.sqlite */,
				705322192CB5ABBD006E630C /* FMDatabase.h */,
				7053221B2CB5ABBD006E630C /* FMDatabase.m */,
				7053221D2CB5ABBD006E630C /* FMDatabaseAdditions.h */,
				705322172CB5ABBD006E630C /* FMDatabaseAdditions.m */,
				7053221E2CB5ABBD006E630C /* FMDatabasePool.h */,
				7053221A2CB5ABBD006E630C /* FMDatabasePool.m */,
				7053221C2CB5ABBD006E630C /* FMDatabaseQueue.h */,
				705322142CB5ABBC006E630C /* FMDatabaseQueue.m */,
				705322182CB5ABBD006E630C /* FMDB.h */,
				705322162CB5ABBD006E630C /* FMResultSet.h */,
				705322152CB5ABBC006E630C /* FMResultSet.m */,
				705322132CB5ABBC006E630C /* Homework7-Bridging-Header.h */,
			);
			path = Homework7;
			sourceTree = "<group>";
		};
		70859BED2CB5A64700DFAF8D /* Frameworks */ = {
			isa = PBXGroup;
			children = (
				70859BEE2CB5A64700DFAF8D /* libsqlite3.tbd */,
			);
			name = Frameworks;
			sourceTree = "<group>";
		};
		70859BEF2CB5A69200DFAF8D /* ui */ = {
			isa = PBXGroup;
			children = (
				70859BF52CB5A6C300DFAF8D /* viewmodel */,
				70859BF42CB5A6B800DFAF8D /* tableview */,
				70859BF32CB5A6AB00DFAF8D /* view */,
			);
			path = ui;
			sourceTree = "<group>";
		};
		70859BF02CB5A69A00DFAF8D /* data */ = {
			isa = PBXGroup;
			children = (
				70859BF22CB5A6A500DFAF8D /* repo */,
				70859BF12CB5A69F00DFAF8D /* entity */,
			);
			path = data;
			sourceTree = "<group>";
		};
		70859BF12CB5A69F00DFAF8D /* entity */ = {
			isa = PBXGroup;
			children = (
				705322112CB5AA40006E630C /* Task.swift */,
			);
			path = entity;
			sourceTree = "<group>";
		};
		70859BF22CB5A6A500DFAF8D /* repo */ = {
			isa = PBXGroup;
			children = (
				70859BF62CB5A6D700DFAF8D /* ListRepository.swift */,
			);
			path = repo;
			sourceTree = "<group>";
		};
		70859BF32CB5A6AB00DFAF8D /* view */ = {
			isa = PBXGroup;
			children = (
				70859BDD2CB5A62700DFAF8D /* Home.swift */,
				705322292CB5B01D006E630C /* NewTask.swift */,
				7053222B2CB5B02C006E630C /* TaskDetail.swift */,
			);
			path = view;
			sourceTree = "<group>";
		};
		70859BF42CB5A6B800DFAF8D /* tableview */ = {
			isa = PBXGroup;
			children = (
				70859BFA2CB5A7B200DFAF8D /* ListCell.swift */,
			);
			path = tableview;
			sourceTree = "<group>";
		};
		70859BF52CB5A6C300DFAF8D /* viewmodel */ = {
			isa = PBXGroup;
			children = (
				70859BF82CB5A6F700DFAF8D /* HomeViewModel.swift */,
				7053222D2CB5B164006E630C /* NewTaskViewModel.swift */,
				7053222F2CB5B171006E630C /* TaskDetailViewModel.swift */,
			);
			path = viewmodel;
			sourceTree = "<group>";
		};
/* End PBXGroup section */

/* Begin PBXNativeTarget section */
		70859BD52CB5A62700DFAF8D /* Homework7 */ = {
			isa = PBXNativeTarget;
			buildConfigurationList = 70859BEA2CB5A62800DFAF8D /* Build configuration list for PBXNativeTarget "Homework7" */;
			buildPhases = (
				70859BD22CB5A62700DFAF8D /* Sources */,
				70859BD32CB5A62700DFAF8D /* Frameworks */,
				70859BD42CB5A62700DFAF8D /* Resources */,
			);
			buildRules = (
			);
			dependencies = (
			);
			name = Homework7;
			packageProductDependencies = (
				705322272CB5AC0F006E630C /* RxSwift */,
			);
			productName = Homework7;
			productReference = 70859BD62CB5A62700DFAF8D /* Homework7.app */;
			productType = "com.apple.product-type.application";
		};
/* End PBXNativeTarget section */

/* Begin PBXProject section */
		70859BCE2CB5A62700DFAF8D /* Project object */ = {
			isa = PBXProject;
			attributes = {
				BuildIndependentTargetsInParallel = 1;
				LastSwiftUpdateCheck = 1540;
				LastUpgradeCheck = 1540;
				TargetAttributes = {
					70859BD52CB5A62700DFAF8D = {
						CreatedOnToolsVersion = 15.4;
						LastSwiftMigration = 1540;
					};
				};
			};
			buildConfigurationList = 70859BD12CB5A62700DFAF8D /* Build configuration list for PBXProject "Homework7" */;
			compatibilityVersion = "Xcode 14.0";
			developmentRegion = en;
			hasScannedForEncodings = 0;
			knownRegions = (
				en,
				Base,
			);
			mainGroup = 70859BCD2CB5A62700DFAF8D;
			packageReferences = (
				705322262CB5AC0F006E630C /* XCRemoteSwiftPackageReference "RxSwift" */,
			);
			productRefGroup = 70859BD72CB5A62700DFAF8D /* Products */;
			projectDirPath = "";
			projectRoot = "";
			targets = (
				70859BD52CB5A62700DFAF8D /* Homework7 */,
			);
		};
/* End PBXProject section */

/* Begin PBXResourcesBuildPhase section */
		70859BD42CB5A62700DFAF8D /* Resources */ = {
			isa = PBXResourcesBuildPhase;
			buildActionMask = 2147483647;
			files = (
				70859BE32CB5A62800DFAF8D /* Assets.xcassets in Resources */,
				70859BE62CB5A62800DFAF8D /* Base in Resources */,
				701613682CB5CAB70017BF09 /* tasks.sqlite in Resources */,
				70859BE12CB5A62700DFAF8D /* Base in Resources */,
			);
			runOnlyForDeploymentPostprocessing = 0;
		};
/* End PBXResourcesBuildPhase section */

/* Begin PBXSourcesBuildPhase section */
		70859BD22CB5A62700DFAF8D /* Sources */ = {
			isa = PBXSourcesBuildPhase;
			buildActionMask = 2147483647;
			files = (
				70859BDE2CB5A62700DFAF8D /* Home.swift in Sources */,
				7053221F2CB5ABBD006E630C /* FMDatabaseQueue.m in Sources */,
				7053222A2CB5B01D006E630C /* NewTask.swift in Sources */,
				70859BDA2CB5A62700DFAF8D /* AppDelegate.swift in Sources */,
				705322232CB5ABBD006E630C /* FMDatabase.m in Sources */,
				7053222E2CB5B164006E630C /* NewTaskViewModel.swift in Sources */,
				705322302CB5B171006E630C /* TaskDetailViewModel.swift in Sources */,
				70859BDC2CB5A62700DFAF8D /* SceneDelegate.swift in Sources */,
				70859BFB2CB5A7B200DFAF8D /* ListCell.swift in Sources */,
				705322222CB5ABBD006E630C /* FMDatabasePool.m in Sources */,
				70859BF92CB5A6F700DFAF8D /* HomeViewModel.swift in Sources */,
				705322202CB5ABBD006E630C /* FMResultSet.m in Sources */,
				705322122CB5AA40006E630C /* Task.swift in Sources */,
				70859BF72CB5A6D700DFAF8D /* ListRepository.swift in Sources */,
				705322212CB5ABBD006E630C /* FMDatabaseAdditions.m in Sources */,
				7053222C2CB5B02C006E630C /* TaskDetail.swift in Sources */,
			);
			runOnlyForDeploymentPostprocessing = 0;
		};
/* End PBXSourcesBuildPhase section */

/* Begin PBXVariantGroup section */
		70859BDF2CB5A62700DFAF8D /* Main.storyboard */ = {
			isa = PBXVariantGroup;
			children = (
				70859BE02CB5A62700DFAF8D /* Base */,
			);
			name = Main.storyboard;
			sourceTree = "<group>";
		};
		70859BE42CB5A62800DFAF8D /* LaunchScreen.storyboard */ = {
			isa = PBXVariantGroup;
			children = (
				70859BE52CB5A62800DFAF8D /* Base */,
			);
			name = LaunchScreen.storyboard;
			sourceTree = "<group>";
		};
/* End PBXVariantGroup section */

/* Begin XCBuildConfiguration section */
		70859BE82CB5A62800DFAF8D /* Debug */ = {
			isa = XCBuildConfiguration;
			buildSettings = {
				ALWAYS_SEARCH_USER_PATHS = NO;
				ASSETCATALOG_COMPILER_GENERATE_SWIFT_ASSET_SYMBOL_EXTENSIONS = YES;
				CLANG_ANALYZER_NONNULL = YES;
				CLANG_ANALYZER_NUMBER_OBJECT_CONVERSION = YES_AGGRESSIVE;
				CLANG_CXX_LANGUAGE_STANDARD = "gnu++20";
				CLANG_ENABLE_MODULES = YES;
				CLANG_ENABLE_OBJC_ARC = YES;
				CLANG_ENABLE_OBJC_WEAK = YES;
				CLANG_WARN_BLOCK_CAPTURE_AUTORELEASING = YES;
				CLANG_WARN_BOOL_CONVERSION = YES;
				CLANG_WARN_COMMA = YES;
				CLANG_WARN_CONSTANT_CONVERSION = YES;
				CLANG_WARN_DEPRECATED_OBJC_IMPLEMENTATIONS = YES;
				CLANG_WARN_DIRECT_OBJC_ISA_USAGE = YES_ERROR;
				CLANG_WARN_DOCUMENTATION_COMMENTS = YES;
				CLANG_WARN_EMPTY_BODY = YES;
				CLANG_WARN_ENUM_CONVERSION = YES;
				CLANG_WARN_INFINITE_RECURSION = YES;
				CLANG_WARN_INT_CONVERSION = YES;
				CLANG_WARN_NON_LITERAL_NULL_CONVERSION = YES;
				CLANG_WARN_OBJC_IMPLICIT_RETAIN_SELF = YES;
				CLANG_WARN_OBJC_LITERAL_CONVERSION = YES;
				CLANG_WARN_OBJC_ROOT_CLASS = YES_ERROR;
				CLANG_WARN_QUOTED_INCLUDE_IN_FRAMEWORK_HEADER = YES;
				CLANG_WARN_RANGE_LOOP_ANALYSIS = YES;
				CLANG_WARN_STRICT_PROTOTYPES = YES;
				CLANG_WARN_SUSPICIOUS_MOVE = YES;
				CLANG_WARN_UNGUARDED_AVAILABILITY = YES_AGGRESSIVE;
				CLANG_WARN_UNREACHABLE_CODE = YES;
				CLANG_WARN__DUPLICATE_METHOD_MATCH = YES;
				COPY_PHASE_STRIP = NO;
				DEBUG_INFORMATION_FORMAT = dwarf;
				ENABLE_STRICT_OBJC_MSGSEND = YES;
				ENABLE_TESTABILITY = YES;
				ENABLE_USER_SCRIPT_SANDBOXING = YES;
				GCC_C_LANGUAGE_STANDARD = gnu17;
				GCC_DYNAMIC_NO_PIC = NO;
				GCC_NO_COMMON_BLOCKS = YES;
				GCC_OPTIMIZATION_LEVEL = 0;
				GCC_PREPROCESSOR_DEFINITIONS = (
					"DEBUG=1",
					"$(inherited)",
				);
				GCC_WARN_64_TO_32_BIT_CONVERSION = YES;
				GCC_WARN_ABOUT_RETURN_TYPE = YES_ERROR;
				GCC_WARN_UNDECLARED_SELECTOR = YES;
				GCC_WARN_UNINITIALIZED_AUTOS = YES_AGGRESSIVE;
				GCC_WARN_UNUSED_FUNCTION = YES;
				GCC_WARN_UNUSED_VARIABLE = YES;
				IPHONEOS_DEPLOYMENT_TARGET = 17.5;
				LOCALIZATION_PREFERS_STRING_CATALOGS = YES;
				MTL_ENABLE_DEBUG_INFO = INCLUDE_SOURCE;
				MTL_FAST_MATH = YES;
				ONLY_ACTIVE_ARCH = YES;
				SDKROOT = iphoneos;
				SWIFT_ACTIVE_COMPILATION_CONDITIONS = "DEBUG $(inherited)";
				SWIFT_OPTIMIZATION_LEVEL = "-Onone";
			};
			name = Debug;
		};
		70859BE92CB5A62800DFAF8D /* Release */ = {
			isa = XCBuildConfiguration;
			buildSettings = {
				ALWAYS_SEARCH_USER_PATHS = NO;
				ASSETCATALOG_COMPILER_GENERATE_SWIFT_ASSET_SYMBOL_EXTENSIONS = YES;
				CLANG_ANALYZER_NONNULL = YES;
				CLANG_ANALYZER_NUMBER_OBJECT_CONVERSION = YES_AGGRESSIVE;
				CLANG_CXX_LANGUAGE_STANDARD = "gnu++20";
				CLANG_ENABLE_MODULES = YES;
				CLANG_ENABLE_OBJC_ARC = YES;
				CLANG_ENABLE_OBJC_WEAK = YES;
				CLANG_WARN_BLOCK_CAPTURE_AUTORELEASING = YES;
				CLANG_WARN_BOOL_CONVERSION = YES;
				CLANG_WARN_COMMA = YES;
				CLANG_WARN_CONSTANT_CONVERSION = YES;
				CLANG_WARN_DEPRECATED_OBJC_IMPLEMENTATIONS = YES;
				CLANG_WARN_DIRECT_OBJC_ISA_USAGE = YES_ERROR;
				CLANG_WARN_DOCUMENTATION_COMMENTS = YES;
				CLANG_WARN_EMPTY_BODY = YES;
				CLANG_WARN_ENUM_CONVERSION = YES;
				CLANG_WARN_INFINITE_RECURSION = YES;
				CLANG_WARN_INT_CONVERSION = YES;
				CLANG_WARN_NON_LITERAL_NULL_CONVERSION = YES;
				CLANG_WARN_OBJC_IMPLICIT_RETAIN_SELF = YES;
				CLANG_WARN_OBJC_LITERAL_CONVERSION = YES;
				CLANG_WARN_OBJC_ROOT_CLASS = YES_ERROR;
				CLANG_WARN_QUOTED_INCLUDE_IN_FRAMEWORK_HEADER = YES;
				CLANG_WARN_RANGE_LOOP_ANALYSIS = YES;
				CLANG_WARN_STRICT_PROTOTYPES = YES;
				CLANG_WARN_SUSPICIOUS_MOVE = YES;
				CLANG_WARN_UNGUARDED_AVAILABILITY = YES_AGGRESSIVE;
				CLANG_WARN_UNREACHABLE_CODE = YES;
				CLANG_WARN__DUPLICATE_METHOD_MATCH = YES;
				COPY_PHASE_STRIP = NO;
				DEBUG_INFORMATION_FORMAT = "dwarf-with-dsym";
				ENABLE_NS_ASSERTIONS = NO;
				ENABLE_STRICT_OBJC_MSGSEND = YES;
				ENABLE_USER_SCRIPT_SANDBOXING = YES;
				GCC_C_LANGUAGE_STANDARD = gnu17;
				GCC_NO_COMMON_BLOCKS = YES;
				GCC_WARN_64_TO_32_BIT_CONVERSION = YES;
				GCC_WARN_ABOUT_RETURN_TYPE = YES_ERROR;
				GCC_WARN_UNDECLARED_SELECTOR = YES;
				GCC_WARN_UNINITIALIZED_AUTOS = YES_AGGRESSIVE;
				GCC_WARN_UNUSED_FUNCTION = YES;
				GCC_WARN_UNUSED_VARIABLE = YES;
				IPHONEOS_DEPLOYMENT_TARGET = 17.5;
				LOCALIZATION_PREFERS_STRING_CATALOGS = YES;
				MTL_ENABLE_DEBUG_INFO = NO;
				MTL_FAST_MATH = YES;
				SDKROOT = iphoneos;
				SWIFT_COMPILATION_MODE = wholemodule;
				VALIDATE_PRODUCT = YES;
			};
			name = Release;
		};
		70859BEB2CB5A62800DFAF8D /* Debug */ = {
			isa = XCBuildConfiguration;
			buildSettings = {
				ASSETCATALOG_COMPILER_APPICON_NAME = AppIcon;
				ASSETCATALOG_COMPILER_GLOBAL_ACCENT_COLOR_NAME = AccentColor;
				CLANG_ENABLE_MODULES = YES;
				CODE_SIGN_STYLE = Automatic;
				CURRENT_PROJECT_VERSION = 1;
				GENERATE_INFOPLIST_FILE = YES;
				INFOPLIST_FILE = Homework7/Info.plist;
				INFOPLIST_KEY_UIApplicationSupportsIndirectInputEvents = YES;
				INFOPLIST_KEY_UILaunchStoryboardName = LaunchScreen;
				INFOPLIST_KEY_UIMainStoryboardFile = Main;
				INFOPLIST_KEY_UISupportedInterfaceOrientations_iPad = "UIInterfaceOrientationPortrait UIInterfaceOrientationPortraitUpsideDown UIInterfaceOrientationLandscapeLeft UIInterfaceOrientationLandscapeRight";
				INFOPLIST_KEY_UISupportedInterfaceOrientations_iPhone = "UIInterfaceOrientationPortrait UIInterfaceOrientationLandscapeLeft UIInterfaceOrientationLandscapeRight";
				LD_RUNPATH_SEARCH_PATHS = (
					"$(inherited)",
					"@executable_path/Frameworks",
				);
				MARKETING_VERSION = 1.0;
				PRODUCT_BUNDLE_IDENTIFIER = com.tbicer.Homework7;
				PRODUCT_NAME = "$(TARGET_NAME)";
				SWIFT_EMIT_LOC_STRINGS = YES;
				SWIFT_OBJC_BRIDGING_HEADER = "Homework7/Homework7-Bridging-Header.h";
				SWIFT_OPTIMIZATION_LEVEL = "-Onone";
				SWIFT_VERSION = 5.0;
				TARGETED_DEVICE_FAMILY = "1,2";
			};
			name = Debug;
		};
		70859BEC2CB5A62800DFAF8D /* Release */ = {
			isa = XCBuildConfiguration;
			buildSettings = {
				ASSETCATALOG_COMPILER_APPICON_NAME = AppIcon;
				ASSETCATALOG_COMPILER_GLOBAL_ACCENT_COLOR_NAME = AccentColor;
				CLANG_ENABLE_MODULES = YES;
				CODE_SIGN_STYLE = Automatic;
				CURRENT_PROJECT_VERSION = 1;
				GENERATE_INFOPLIST_FILE = YES;
				INFOPLIST_FILE = Homework7/Info.plist;
				INFOPLIST_KEY_UIApplicationSupportsIndirectInputEvents = YES;
				INFOPLIST_KEY_UILaunchStoryboardName = LaunchScreen;
				INFOPLIST_KEY_UIMainStoryboardFile = Main;
				INFOPLIST_KEY_UISupportedInterfaceOrientations_iPad = "UIInterfaceOrientationPortrait UIInterfaceOrientationPortraitUpsideDown UIInterfaceOrientationLandscapeLeft UIInterfaceOrientationLandscapeRight";
				INFOPLIST_KEY_UISupportedInterfaceOrientations_iPhone = "UIInterfaceOrientationPortrait UIInterfaceOrientationLandscapeLeft UIInterfaceOrientationLandscapeRight";
				LD_RUNPATH_SEARCH_PATHS = (
					"$(inherited)",
					"@executable_path/Frameworks",
				);
				MARKETING_VERSION = 1.0;
				PRODUCT_BUNDLE_IDENTIFIER = com.tbicer.Homework7;
				PRODUCT_NAME = "$(TARGET_NAME)";
				SWIFT_EMIT_LOC_STRINGS = YES;
				SWIFT_OBJC_BRIDGING_HEADER = "Homework7/Homework7-Bridging-Header.h";
				SWIFT_VERSION = 5.0;
				TARGETED_DEVICE_FAMILY = "1,2";
			};
			name = Release;
		};
/* End XCBuildConfiguration section */

/* Begin XCConfigurationList section */
		70859BD12CB5A62700DFAF8D /* Build configuration list for PBXProject "Homework7" */ = {
			isa = XCConfigurationList;
			buildConfigurations = (
				70859BE82CB5A62800DFAF8D /* Debug */,
				70859BE92CB5A62800DFAF8D /* Release */,
			);
			defaultConfigurationIsVisible = 0;
			defaultConfigurationName = Release;
		};
		70859BEA2CB5A62800DFAF8D /* Build configuration list for PBXNativeTarget "Homework7" */ = {
			isa = XCConfigurationList;
			buildConfigurations = (
				70859BEB2CB5A62800DFAF8D /* Debug */,
				70859BEC2CB5A62800DFAF8D /* Release */,
			);
			defaultConfigurationIsVisible = 0;
			defaultConfigurationName = Release;
		};
/* End XCConfigurationList section */

/* Begin XCRemoteSwiftPackageReference section */
		705322262CB5AC0F006E630C /* XCRemoteSwiftPackageReference "RxSwift" */ = {
			isa = XCRemoteSwiftPackageReference;
			repositoryURL = "https://github.com/ReactiveX/RxSwift.git";
			requirement = {
				kind = upToNextMajorVersion;
				minimumVersion = 6.8.0;
			};
		};
/* End XCRemoteSwiftPackageReference section */

/* Begin XCSwiftPackageProductDependency section */
		705322272CB5AC0F006E630C /* RxSwift */ = {
			isa = XCSwiftPackageProductDependency;
			package = 705322262CB5AC0F006E630C /* XCRemoteSwiftPackageReference "RxSwift" */;
			productName = RxSwift;
		};
/* End XCSwiftPackageProductDependency section */
	};
	rootObject = 70859BCE2CB5A62700DFAF8D /* Project object */;
}
